Microsoft Visual Studio Solution File, Format Version 12.00
# Visual Studio Version 17
VisualStudioVersion = 17.5.2.0
MinimumVisualStudioVersion = 10.0.40219.1
Project("{FAE04EC0-301F-11D3-BF4B-00C04F79EFBC}") = "KeywordTag", "KeywordTag.csproj", "{0EE10330-1424-7282-01C9-DD6BADE0C9E4}"
EndProject
Global
	GlobalSection(SolutionConfigurationPlatforms) = preSolution
		Debug|Any CPU = Debug|Any CPU
		Release|Any CPU = Release|Any CPU
	EndGlobalSection
	GlobalSection(ProjectConfigurationPlatforms) = postSolution
		{0EE10330-1424-7282-01C9-DD6BADE0C9E4}.Debug|Any CPU.ActiveCfg = Debug|Any CPU
		{0EE10330-1424-7282-01C9-DD6BADE0C9E4}.Debug|Any CPU.Build.0 = Debug|Any CPU
		{0EE10330-1424-7282-01C9-DD6BADE0C9E4}.Release|Any CPU.ActiveCfg = Release|Any CPU
		{0EE10330-1424-7282-01C9-DD6BADE0C9E4}.Release|Any CPU.Build.0 = Release|Any CPU
	EndGlobalSection
	GlobalSection(SolutionProperties) = preSolution
		HideSolutionNode = FALSE
	EndGlobalSection
	GlobalSection(ExtensibilityGlobals) = postSolution
		SolutionGuid = {42466A82-C6A5-4799-876D-BB4C4EE97803}
	EndGlobalSection
EndGlobal
